
Microsoft Visual Studio Solution File, Format Version 12.00
# Visual Studio Version 17
VisualStudioVersion = 17.8.34408.163
MinimumVisualStudioVersion = 10.0.40219.1
Project("{9A19103F-16F7-4668-BE54-9A1E7A4F7556}") = "ProcessadorTarefas", "ProcessadorTarefas\ProcessadorTarefas.csproj", "{07A5EF0C-E4AE-4721-812B-879E946DF993}"
EndProject
Project("{9A19103F-16F7-4668-BE54-9A1E7A4F7556}") = "ConsoleUI", "ConsoleUI\ConsoleUI.csproj", "{CCDFF895-48D7-48C7-B131-D6B380D5DA83}"
EndProject
Project("{9A19103F-16F7-4668-BE54-9A1E7A4F7556}") = "WebAPI", "WebAPI\WebAPI.csproj", "{1374D537-1ABE-4C7B-8E33-645AF06BF7B6}"
EndProject
Global
	GlobalSection(SolutionConfigurationPlatforms) = preSolution
		Debug|Any CPU = Debug|Any CPU
		Release|Any CPU = Release|Any CPU
	EndGlobalSection
	GlobalSection(ProjectConfigurationPlatforms) = postSolution
		{07A5EF0C-E4AE-4721-812B-879E946DF993}.Debug|Any CPU.ActiveCfg = Debug|Any CPU
		{07A5EF0C-E4AE-4721-812B-879E946DF993}.Debug|Any CPU.Build.0 = Debug|Any CPU
		{07A5EF0C-E4AE-4721-812B-879E946DF993}.Release|Any CPU.ActiveCfg = Release|Any CPU
		{07A5EF0C-E4AE-4721-812B-879E946DF993}.Release|Any CPU.Build.0 = Release|Any CPU
		{CCDFF895-48D7-48C7-B131-D6B380D5DA83}.Debug|Any CPU.ActiveCfg = Debug|Any CPU
		{CCDFF895-48D7-48C7-B131-D6B380D5DA83}.Debug|Any CPU.Build.0 = Debug|Any CPU
		{CCDFF895-48D7-48C7-B131-D6B380D5DA83}.Release|Any CPU.ActiveCfg = Release|Any CPU
		{CCDFF895-48D7-48C7-B131-D6B380D5DA83}.Release|Any CPU.Build.0 = Release|Any CPU
		{1374D537-1ABE-4C7B-8E33-645AF06BF7B6}.Debug|Any CPU.ActiveCfg = Debug|Any CPU
		{1374D537-1ABE-4C7B-8E33-645AF06BF7B6}.Debug|Any CPU.Build.0 = Debug|Any CPU
		{1374D537-1ABE-4C7B-8E33-645AF06BF7B6}.Release|Any CPU.ActiveCfg = Release|Any CPU
		{1374D537-1ABE-4C7B-8E33-645AF06BF7B6}.Release|Any CPU.Build.0 = Release|Any CPU
	EndGlobalSection
	GlobalSection(SolutionProperties) = preSolution
		HideSolutionNode = FALSE
	EndGlobalSection
	GlobalSection(ExtensibilityGlobals) = postSolution
		SolutionGuid = {DA153D7C-71E9-48ED-B19D-51E46BB76AD5}
	EndGlobalSection
EndGlobal
